
Microsoft Visual Studio Solution File, Format Version 12.00
# Visual Studio 15
Project("{FAE04EC0-301F-11D3-BF4B-00C04F79EFBC}") = "LaraCroftGO", "LaraCroftGO.csproj", "{D9292EBD-FBD7-6839-A0E3-14F76C779B2C}"
EndProject
Project("{FAE04EC0-301F-11D3-BF4B-00C04F79EFBC}") = "LaraCroftGO.Editor", "LaraCroftGO.Editor.csproj", "{2B707C51-AD9B-D335-3620-DFF6794DFFA1}"
EndProject
Global
	GlobalSection(SolutionConfigurationPlatforms) = preSolution
		Debug|Any CPU = Debug|Any CPU
		Release|Any CPU = Release|Any CPU
	EndGlobalSection
	GlobalSection(ProjectConfigurationPlatforms) = postSolution
		{D9292EBD-FBD7-6839-A0E3-14F76C779B2C}.Debug|Any CPU.ActiveCfg = Debug|Any CPU
		{D9292EBD-FBD7-6839-A0E3-14F76C779B2C}.Debug|Any CPU.Build.0 = Debug|Any CPU
		{D9292EBD-FBD7-6839-A0E3-14F76C779B2C}.Release|Any CPU.ActiveCfg = Release|Any CPU
		{D9292EBD-FBD7-6839-A0E3-14F76C779B2C}.Release|Any CPU.Build.0 = Release|Any CPU
		{2B707C51-AD9B-D335-3620-DFF6794DFFA1}.Debug|Any CPU.ActiveCfg = Debug|Any CPU
		{2B707C51-AD9B-D335-3620-DFF6794DFFA1}.Debug|Any CPU.Build.0 = Debug|Any CPU
		{2B707C51-AD9B-D335-3620-DFF6794DFFA1}.Release|Any CPU.ActiveCfg = Release|Any CPU
		{2B707C51-AD9B-D335-3620-DFF6794DFFA1}.Release|Any CPU.Build.0 = Release|Any CPU
	EndGlobalSection
	GlobalSection(SolutionProperties) = preSolution
		HideSolutionNode = FALSE
	EndGlobalSection
EndGlobal
